
Microsoft Visual Studio Solution File, Format Version 12.00
# Visual Studio Version 17
VisualStudioVersion = 17.0.31903.59
MinimumVisualStudioVersion = 10.0.40219.1
Project("{FAE04EC0-301F-11D3-BF4B-00C04F79EFBC}") = "Nexly.API", "Nexly.API\Nexly.API.csproj", "{CA0BB180-03E9-4073-85FB-1F4337D02B74}"
EndProject
Project("{FAE04EC0-301F-11D3-BF4B-00C04F79EFBC}") = "Nexly.Core", "Nexly.Core\Nexly.Core.csproj", "{5CD2139F-E121-4717-B577-F626E9954522}"
EndProject
Project("{FAE04EC0-301F-11D3-BF4B-00C04F79EFBC}") = "Nexly.Infrastructure", "Nexly.Infrastructure\Nexly.Infrastructure.csproj", "{179BD269-DFD8-46FB-8C73-BA9F45284D33}"
EndProject
Global
	GlobalSection(SolutionConfigurationPlatforms) = preSolution
		Debug|Any CPU = Debug|Any CPU
		Debug|x64 = Debug|x64
		Debug|x86 = Debug|x86
		Release|Any CPU = Release|Any CPU
		Release|x64 = Release|x64
		Release|x86 = Release|x86
	EndGlobalSection
	GlobalSection(ProjectConfigurationPlatforms) = postSolution
		{CA0BB180-03E9-4073-85FB-1F4337D02B74}.Debug|Any CPU.ActiveCfg = Debug|Any CPU
		{CA0BB180-03E9-4073-85FB-1F4337D02B74}.Debug|Any CPU.Build.0 = Debug|Any CPU
		{CA0BB180-03E9-4073-85FB-1F4337D02B74}.Debug|x64.ActiveCfg = Debug|Any CPU
		{CA0BB180-03E9-4073-85FB-1F4337D02B74}.Debug|x64.Build.0 = Debug|Any CPU
		{CA0BB180-03E9-4073-85FB-1F4337D02B74}.Debug|x86.ActiveCfg = Debug|Any CPU
		{CA0BB180-03E9-4073-85FB-1F4337D02B74}.Debug|x86.Build.0 = Debug|Any CPU
		{CA0BB180-03E9-4073-85FB-1F4337D02B74}.Release|Any CPU.ActiveCfg = Release|Any CPU
		{CA0BB180-03E9-4073-85FB-1F4337D02B74}.Release|Any CPU.Build.0 = Release|Any CPU
		{CA0BB180-03E9-4073-85FB-1F4337D02B74}.Release|x64.ActiveCfg = Release|Any CPU
		{CA0BB180-03E9-4073-85FB-1F4337D02B74}.Release|x64.Build.0 = Release|Any CPU
		{CA0BB180-03E9-4073-85FB-1F4337D02B74}.Release|x86.ActiveCfg = Release|Any CPU
		{CA0BB180-03E9-4073-85FB-1F4337D02B74}.Release|x86.Build.0 = Release|Any CPU
		{5CD2139F-E121-4717-B577-F626E9954522}.Debug|Any CPU.ActiveCfg = Debug|Any CPU
		{5CD2139F-E121-4717-B577-F626E9954522}.Debug|Any CPU.Build.0 = Debug|Any CPU
		{5CD2139F-E121-4717-B577-F626E9954522}.Debug|x64.ActiveCfg = Debug|Any CPU
		{5CD2139F-E121-4717-B577-F626E9954522}.Debug|x64.Build.0 = Debug|Any CPU
		{5CD2139F-E121-4717-B577-F626E9954522}.Debug|x86.ActiveCfg = Debug|Any CPU
		{5CD2139F-E121-4717-B577-F626E9954522}.Debug|x86.Build.0 = Debug|Any CPU
		{5CD2139F-E121-4717-B577-F626E9954522}.Release|Any CPU.ActiveCfg = Release|Any CPU
		{5CD2139F-E121-4717-B577-F626E9954522}.Release|Any CPU.Build.0 = Release|Any CPU
		{5CD2139F-E121-4717-B577-F626E9954522}.Release|x64.ActiveCfg = Release|Any CPU
		{5CD2139F-E121-4717-B577-F626E9954522}.Release|x64.Build.0 = Release|Any CPU
		{5CD2139F-E121-4717-B577-F626E9954522}.Release|x86.ActiveCfg = Release|Any CPU
		{5CD2139F-E121-4717-B577-F626E9954522}.Release|x86.Build.0 = Release|Any CPU
		{179BD269-DFD8-46FB-8C73-BA9F45284D33}.Debug|Any CPU.ActiveCfg = Debug|Any CPU
		{179BD269-DFD8-46FB-8C73-BA9F45284D33}.Debug|Any CPU.Build.0 = Debug|Any CPU
		{179BD269-DFD8-46FB-8C73-BA9F45284D33}.Debug|x64.ActiveCfg = Debug|Any CPU
		{179BD269-DFD8-46FB-8C73-BA9F45284D33}.Debug|x64.Build.0 = Debug|Any CPU
		{179BD269-DFD8-46FB-8C73-BA9F45284D33}.Debug|x86.ActiveCfg = Debug|Any CPU
		{179BD269-DFD8-46FB-8C73-BA9F45284D33}.Debug|x86.Build.0 = Debug|Any CPU
		{179BD269-DFD8-46FB-8C73-BA9F45284D33}.Release|Any CPU.ActiveCfg = Release|Any CPU
		{179BD269-DFD8-46FB-8C73-BA9F45284D33}.Release|Any CPU.Build.0 = Release|Any CPU
		{179BD269-DFD8-46FB-8C73-BA9F45284D33}.Release|x64.ActiveCfg = Release|Any CPU
		{179BD269-DFD8-46FB-8C73-BA9F45284D33}.Release|x64.Build.0 = Release|Any CPU
		{179BD269-DFD8-46FB-8C73-BA9F45284D33}.Release|x86.ActiveCfg = Release|Any CPU
		{179BD269-DFD8-46FB-8C73-BA9F45284D33}.Release|x86.Build.0 = Release|Any CPU
	EndGlobalSection
	GlobalSection(SolutionProperties) = preSolution
		HideSolutionNode = FALSE
	EndGlobalSection
EndGlobal
